
Microsoft Visual Studio Solution File, Format Version 12.00
# Visual Studio Version 17
VisualStudioVersion = 17.10.34916.146
MinimumVisualStudioVersion = 10.0.40219.1
Project("{FAE04EC0-301F-11D3-BF4B-00C04F79EFBC}") = "Bookstore", "Bookstore.csproj", "{DA269A81-0B93-4E7F-A7E3-40D05C3BCC04}"
EndProject
Global
	GlobalSection(SolutionConfigurationPlatforms) = preSolution
		Debug|Any CPU = Debug|Any CPU
		Release|Any CPU = Release|Any CPU
	EndGlobalSection
	GlobalSection(ProjectConfigurationPlatforms) = postSolution
		{DA269A81-0B93-4E7F-A7E3-40D05C3BCC04}.Debug|Any CPU.ActiveCfg = Debug|Any CPU
		{DA269A81-0B93-4E7F-A7E3-40D05C3BCC04}.Debug|Any CPU.Build.0 = Debug|Any CPU
		{DA269A81-0B93-4E7F-A7E3-40D05C3BCC04}.Release|Any CPU.ActiveCfg = Release|Any CPU
		{DA269A81-0B93-4E7F-A7E3-40D05C3BCC04}.Release|Any CPU.Build.0 = Release|Any CPU
	EndGlobalSection
	GlobalSection(SolutionProperties) = preSolution
		HideSolutionNode = FALSE
	EndGlobalSection
	GlobalSection(ExtensibilityGlobals) = postSolution
		SolutionGuid = {4C648053-8B8D-495F-84B9-21FE7C12075B}
	EndGlobalSection
EndGlobal
